
Microsoft Visual Studio Solution File, Format Version 12.00
# Visual Studio Version 17
VisualStudioVersion = 17.11.35219.272
MinimumVisualStudioVersion = 10.0.40219.1
Project("{FAE04EC0-301F-11D3-BF4B-00C04F79EFBC}") = "WebUygulamaProje1", "WebUygulamaProje1\WebUygulamaProje1.csproj", "{CCDE1BBA-0EE8-4ECF-B9C6-2F9962B23FAF}"
EndProject
Global
	GlobalSection(SolutionConfigurationPlatforms) = preSolution
		Debug|Any CPU = Debug|Any CPU
		Release|Any CPU = Release|Any CPU
	EndGlobalSection
	GlobalSection(ProjectConfigurationPlatforms) = postSolution
		{CCDE1BBA-0EE8-4ECF-B9C6-2F9962B23FAF}.Debug|Any CPU.ActiveCfg = Debug|Any CPU
		{CCDE1BBA-0EE8-4ECF-B9C6-2F9962B23FAF}.Debug|Any CPU.Build.0 = Debug|Any CPU
		{CCDE1BBA-0EE8-4ECF-B9C6-2F9962B23FAF}.Release|Any CPU.ActiveCfg = Release|Any CPU
		{CCDE1BBA-0EE8-4ECF-B9C6-2F9962B23FAF}.Release|Any CPU.Build.0 = Release|Any CPU
	EndGlobalSection
	GlobalSection(SolutionProperties) = preSolution
		HideSolutionNode = FALSE
	EndGlobalSection
	GlobalSection(ExtensibilityGlobals) = postSolution
		SolutionGuid = {72B2A043-0893-4F0F-A183-A521D6183E9E}
	EndGlobalSection
EndGlobal
